// !$*UTF8*$!
{
	archiveVersion = 1;
	classes = {
	};
	objectVersion = 46;
	objects = {

/* Begin PBXBuildFile section */
		B9C76C821E9E768000AF1037 /* AppDelegate.swift in Sources */ = {isa = PBXBuildFile; fileRef = B9C76C811E9E768000AF1037 /* AppDelegate.swift */; };
		B9C76C841E9E768000AF1037 /* ViewController.swift in Sources */ = {isa = PBXBuildFile; fileRef = B9C76C831E9E768000AF1037 /* ViewController.swift */; };
		B9C76C871E9E768000AF1037 /* Main.storyboard in Resources */ = {isa = PBXBuildFile; fileRef = B9C76C851E9E768000AF1037 /* Main.storyboard */; };
		B9C76C891E9E768000AF1037 /* Assets.xcassets in Resources */ = {isa = PBXBuildFile; fileRef = B9C76C881E9E768000AF1037 /* Assets.xcassets */; };
		B9C76C8C1E9E768000AF1037 /* LaunchScreen.storyboard in Resources */ = {isa = PBXBuildFile; fileRef = B9C76C8A1E9E768000AF1037 /* LaunchScreen.storyboard */; };
/* End PBXBuildFile section */

/* Begin PBXFileReference section */
		B9C76C7E1E9E768000AF1037 /* KeyboardHandling.app */ = {isa = PBXFileReference; explicitFileType = wrapper.application; includeInIndex = 0; path = KeyboardHandling.app; sourceTree = BUILT_PRODUCTS_DIR; };
		B9C76C811E9E768000AF1037 /* AppDelegate.swift */ = {isa = PBXFileReference; lastKnownFileType = sourcecode.swift; path = AppDelegate.swift; sourceTree = "<group>"; };
		B9C76C831E9E768000AF1037 /* ViewController.swift */ = {isa = PBXFileReference; lastKnownFileType = sourcecode.swift; path = ViewController.swift; sourceTree = "<group>"; };
		B9C76C861E9E768000AF1037 /* Base */ = {isa = PBXFileReference; lastKnownFileType = file.storyboard; name = Base; path = Base.lproj/Main.storyboard; sourceTree = "<group>"; };
		B9C76C881E9E768000AF1037 /* Assets.xcassets */ = {isa = PBXFileReference; lastKnownFileType = folder.assetcatalog; path = Assets.xcassets; sourceTree = "<group>"; };
		B9C76C8B1E9E768000AF1037 /* Base */ = {isa = PBXFileReference; lastKnownFileType = file.storyboard; name = Base; path = Base.lproj/LaunchScreen.storyboard; sourceTree = "<group>"; };
		B9C76C8D1E9E768000AF1037 /* Info.plist */ = {isa = PBXFileReference; lastKnownFileType = text.plist.xml; path = Info.plist; sourceTree = "<group>"; };
/* End PBXFileReference section */

/* Begin PBXFrameworksBuildPhase section */
		B9C76C7B1E9E768000AF1037 /* Frameworks */ = {
			isa = PBXFrameworksBuildPhase;
			buildActionMask = 2147483647;
			files = (
			);
			runOnlyForDeploymentPostprocessing = 0;
		};
/* End PBXFrameworksBuildPhase section */

/* Begin PBXGroup section */
		B9C76C751E9E768000AF1037 = {
			isa = PBXGroup;
			children = (
				B9C76C801E9E768000AF1037 /* KeyboardHandling */,
				B9C76C7F1E9E768000AF1037 /* Products */,
			);
			sourceTree = "<group>";
		};
		B9C76C7F1E9E768000AF1037 /* Products */ = {
			isa = PBXGroup;
			children = (
				B9C76C7E1E9E768000AF1037 /* KeyboardHandling.app */,
			);
			name = Products;
			sourceTree = "<group>";
		};
		B9C76C801E9E768000AF1037 /* KeyboardHandling */ = {
			isa = PBXGroup;
			children = (
				B9C76C811E9E768000AF1037 /* AppDelegate.swift */,
				B9C76C831E9E768000AF1037 /* ViewController.swift */,
				B9C76C851E9E768000AF1037 /* Main.storyboard */,
				B9C76C881E9E768000AF1037 /* Assets.xcassets */,
				B9C76C8A1E9E768000AF1037 /* LaunchScreen.storyboard */,
				B9C76C8D1E9E768000AF1037 /* Info.plist */,
			);
			path = KeyboardHandling;
			sourceTree = "<group>";
		};
/* End PBXGroup section */

/* Begin PBXNativeTarget section */
		B9C76C7D1E9E768000AF1037 /* KeyboardHandling */ = {
			isa = PBXNativeTarget;
			buildConfigurationList = B9C76C901E9E768000AF1037 /* Build configuration list for PBXNativeTarget "KeyboardHandling" */;
			buildPhases = (
				B9C76C7A1E9E768000AF1037 /* Sources */,
				B9C76C7B1E9E768000AF1037 /* Frameworks */,
				B9C76C7C1E9E768000AF1037 /* Resources */,
			);
			buildRules = (
			);
			dependencies = (
			);
			name = KeyboardHandling;
			productName = KeyboardHandling;
			productReference = B9C76C7E1E9E768000AF1037 /* KeyboardHandling.app */;
			productType = "com.apple.product-type.application";
		};
/* End PBXNativeTarget section */

/* Begin PBXProject section */
		B9C76C761E9E768000AF1037 /* Project object */ = {
			isa = PBXProject;
			attributes = {
				LastSwiftUpdateCheck = 0830;
				LastUpgradeCheck = 0830;
				ORGANIZATIONNAME = "Dzung Nguyen";
				TargetAttributes = {
					B9C76C7D1E9E768000AF1037 = {
						CreatedOnToolsVersion = 8.3;
						DevelopmentTeam = CB7BJM62E3;
						ProvisioningStyle = Automatic;
					};
				};
			};
			buildConfigurationList = B9C76C791E9E768000AF1037 /* Build configuration list for PBXProject "KeyboardHandling" */;
			compatibilityVersion = "Xcode 3.2";
			developmentRegion = English;
			hasScannedForEncodings = 0;
			knownRegions = (
				en,
				Base,
			);
			mainGroup = B9C76C751E9E768000AF1037;
			productRefGroup = B9C76C7F1E9E768000AF1037 /* Products */;
			projectDirPath = "";
			projectRoot = "";
			targets = (
				B9C76C7D1E9E768000AF1037 /* KeyboardHandling */,
			);
		};
/* End PBXProject section */

/* Begin PBXResourcesBuildPhase section */
		B9C76C7C1E9E768000AF1037 /* Resources */ = {
			isa = PBXResourcesBuildPhase;
			buildActionMask = 2147483647;
			files = (
				B9C76C8C1E9E768000AF1037 /* LaunchScreen.storyboard in Resources */,
				B9C76C891E9E768000AF1037 /* Assets.xcassets in Resources */,
				B9C76C871E9E768000AF1037 /* Main.storyboard in Resources */,
			);
			runOnlyForDeploymentPostprocessing = 0;
		};
/* End PBXResourcesBuildPhase section */

/* Begin PBXSourcesBuildPhase section */
		B9C76C7A1E9E768000AF1037 /* Sources */ = {
			isa = PBXSourcesBuildPhase;
			buildActionMask = 2147483647;
			files = (
				B9C76C841E9E768000AF1037 /* ViewController.swift in Sources */,
				B9C76C821E9E768000AF1037 /* AppDelegate.swift in Sources */,
			);
			runOnlyForDeploymentPostprocessing = 0;
		};
/* End PBXSourcesBuildPhase section */

/* Begin PBXVariantGroup section */
		B9C76C851E9E768000AF1037 /* Main.storyboard */ = {
			isa = PBXVariantGroup;
			children = (
				B9C76C861E9E768000AF1037 /* Base */,
			);
			name = Main.storyboard;
			sourceTree = "<group>";
		};
		B9C76C8A1E9E768000AF1037 /* LaunchScreen.storyboard */ = {
			isa = PBXVariantGroup;
			children = (
				B9C76C8B1E9E768000AF1037 /* Base */,
			);
			name = LaunchScreen.storyboard;
			sourceTree = "<group>";
		};
/* End PBXVariantGroup section */

/* Begin XCBuildConfiguration section */
		B9C76C8E1E9E768000AF1037 /* Debug */ = {
			isa = XCBuildConfiguration;
			buildSettings = {
				ALWAYS_SEARCH_USER_PATHS = NO;
				CLANG_ANALYZER_NONNULL = YES;
				CLANG_ANALYZER_NUMBER_OBJECT_CONVERSION = YES_AGGRESSIVE;
				CLANG_CXX_LANGUAGE_STANDARD = "gnu++0x";
				CLANG_CXX_LIBRARY = "libc++";
				CLANG_ENABLE_MODULES = YES;
				CLANG_ENABLE_OBJC_ARC = YES;
				CLANG_WARN_BOOL_CONVERSION = YES;
				CLANG_WARN_CONSTANT_CONVERSION = YES;
				CLANG_WARN_DIRECT_OBJC_ISA_USAGE = YES_ERROR;
				CLANG_WARN_DOCUMENTATION_COMMENTS = YES;
				CLANG_WARN_EMPTY_BODY = YES;
				CLANG_WARN_ENUM_CONVERSION = YES;
				CLANG_WARN_INFINITE_RECURSION = YES;
				CLANG_WARN_INT_CONVERSION = YES;
				CLANG_WARN_OBJC_ROOT_CLASS = YES_ERROR;
				CLANG_WARN_SUSPICIOUS_MOVE = YES;
				CLANG_WARN_UNREACHABLE_CODE = YES;
				CLANG_WARN__DUPLICATE_METHOD_MATCH = YES;
				"CODE_SIGN_IDENTITY[sdk=iphoneos*]" = "iPhone Developer";
				COPY_PHASE_STRIP = NO;
				DEBUG_INFORMATION_FORMAT = dwarf;
				ENABLE_STRICT_OBJC_MSGSEND = YES;
				ENABLE_TESTABILITY = YES;
				GCC_C_LANGUAGE_STANDARD = gnu99;
				GCC_DYNAMIC_NO_PIC = NO;
				GCC_NO_COMMON_BLOCKS = YES;
				GCC_OPTIMIZATION_LEVEL = 0;
				GCC_PREPROCESSOR_DEFINITIONS = (
					"DEBUG=1",
					"$(inherited)",
				);
				GCC_WARN_64_TO_32_BIT_CONVERSION = YES;
				GCC_WARN_ABOUT_RETURN_TYPE = YES_ERROR;
				GCC_WARN_UNDECLARED_SELECTOR = YES;
				GCC_WARN_UNINITIALIZED_AUTOS = YES_AGGRESSIVE;
				GCC_WARN_UNUSED_FUNCTION = YES;
				GCC_WARN_UNUSED_VARIABLE = YES;
				IPHONEOS_DEPLOYMENT_TARGET = 10.3;
				MTL_ENABLE_DEBUG_INFO = YES;
				ONLY_ACTIVE_ARCH = YES;
				SDKROOT = iphoneos;
				SWIFT_ACTIVE_COMPILATION_CONDITIONS = DEBUG;
				SWIFT_OPTIMIZATION_LEVEL = "-Onone";
			};
			name = Debug;
		};
		B9C76C8F1E9E768000AF1037 /* Release */ = {
			isa = XCBuildConfiguration;
			buildSettings = {
				ALWAYS_SEARCH_USER_PATHS = NO;
				CLANG_ANALYZER_NONNULL = YES;
				CLANG_ANALYZER_NUMBER_OBJECT_CONVERSION = YES_AGGRESSIVE;
				CLANG_CXX_LANGUAGE_STANDARD = "gnu++0x";
				CLANG_CXX_LIBRARY = "libc++";
				CLANG_ENABLE_MODULES = YES;
				CLANG_ENABLE_OBJC_ARC = YES;
				CLANG_WARN_BOOL_CONVERSION = YES;
				CLANG_WARN_CONSTANT_CONVERSION = YES;
				CLANG_WARN_DIRECT_OBJC_ISA_USAGE = YES_ERROR;
				CLANG_WARN_DOCUMENTATION_COMMENTS = YES;
				CLANG_WARN_EMPTY_BODY = YES;
				CLANG_WARN_ENUM_CONVERSION = YES;
				CLANG_WARN_INFINITE_RECURSION = YES;
				CLANG_WARN_INT_CONVERSION = YES;
				CLANG_WARN_OBJC_ROOT_CLASS = YES_ERROR;
				CLANG_WARN_SUSPICIOUS_MOVE = YES;
				CLANG_WARN_UNREACHABLE_CODE = YES;
				CLANG_WARN__DUPLICATE_METHOD_MATCH = YES;
				"CODE_SIGN_IDENTITY[sdk=iphoneos*]" = "iPhone Developer";
				COPY_PHASE_STRIP = NO;
				DEBUG_INFORMATION_FORMAT = "dwarf-with-dsym";
				ENABLE_NS_ASSERTIONS = NO;
				ENABLE_STRICT_OBJC_MSGSEND = YES;
				GCC_C_LANGUAGE_STANDARD = gnu99;
				GCC_NO_COMMON_BLOCKS = YES;
				GCC_WARN_64_TO_32_BIT_CONVERSION = YES;
				GCC_WARN_ABOUT_RETURN_TYPE = YES_ERROR;
				GCC_WARN_UNDECLARED_SELECTOR = YES;
				GCC_WARN_UNINITIALIZED_AUTOS = YES_AGGRESSIVE;
				GCC_WARN_UNUSED_FUNCTION = YES;
				GCC_WARN_UNUSED_VARIABLE = YES;
				IPHONEOS_DEPLOYMENT_TARGET = 10.3;
				MTL_ENABLE_DEBUG_INFO = NO;
				SDKROOT = iphoneos;
				SWIFT_OPTIMIZATION_LEVEL = "-Owholemodule";
				VALIDATE_PRODUCT = YES;
			};
			name = Release;
		};
		B9C76C911E9E768000AF1037 /* Debug */ = {
			isa = XCBuildConfiguration;
			buildSettings = {
				ASSETCATALOG_COMPILER_APPICON_NAME = AppIcon;
				DEVELOPMENT_TEAM = CB7BJM62E3;
				INFOPLIST_FILE = KeyboardHandling/Info.plist;
				LD_RUNPATH_SEARCH_PATHS = "$(inherited) @executable_path/Frameworks";
				PRODUCT_BUNDLE_IDENTIFIER = com.dz.ios.KeyboardHandling;
				PRODUCT_NAME = "$(TARGET_NAME)";
				SWIFT_VERSION = 3.0;
			};
			name = Debug;
		};
		B9C76C921E9E768000AF1037 /* Release */ = {
			isa = XCBuildConfiguration;
			buildSettings = {
				ASSETCATALOG_COMPILER_APPICON_NAME = AppIcon;
				DEVELOPMENT_TEAM = CB7BJM62E3;
				INFOPLIST_FILE = KeyboardHandling/Info.plist;
				LD_RUNPATH_SEARCH_PATHS = "$(inherited) @executable_path/Frameworks";
				PRODUCT_BUNDLE_IDENTIFIER = com.dz.ios.KeyboardHandling;
				PRODUCT_NAME = "$(TARGET_NAME)";
				SWIFT_VERSION = 3.0;
			};
			name = Release;
		};
/* End XCBuildConfiguration section */

/* Begin XCConfigurationList section */
		B9C76C791E9E768000AF1037 /* Build configuration list for PBXProject "KeyboardHandling" */ = {
			isa = XCConfigurationList;
			buildConfigurations = (
				B9C76C8E1E9E768000AF1037 /* Debug */,
				B9C76C8F1E9E768000AF1037 /* Release */,
			);
			defaultConfigurationIsVisible = 0;
			defaultConfigurationName = Release;
		};
		B9C76C901E9E768000AF1037 /* Build configuration list for PBXNativeTarget "KeyboardHandling" */ = {
			isa = XCConfigurationList;
			buildConfigurations = (
				B9C76C911E9E768000AF1037 /* Debug */,
				B9C76C921E9E768000AF1037 /* Release */,
			);
			defaultConfigurationIsVisible = 0;
		};
/* End XCConfigurationList section */
	};
	rootObject = B9C76C761E9E768000AF1037 /* Project object */;
}
